// !$*UTF8*$!
{
	archiveVersion = 1;
	classes = {
	};
	objectVersion = 77;
	objects = {

/* Begin PBXBuildFile section */
		A5915AF12FF0B1A100F81B0E /* ARCHITECTURE.md in Resources */ = {isa = PBXBuildFile; fileRef = A5915AE82FF0B1A100F81B0E /* ARCHITECTURE.md */; };
		A5915AF82FF0B1A100F81B0E /* QUICK_START.md in Resources */ = {isa = PBXBuildFile; fileRef = A5915AEC2FF0B1A100F81B0E /* QUICK_START.md */; };
		A5915AF92FF0B1A100F81B0E /* README.md in Resources */ = {isa = PBXBuildFile; fileRef = A5915AED2FF0B1A100F81B0E /* README.md */; };
		A5915AFA2FF0B1A100F81B0E /* PROJECT_SUMMARY.md in Resources */ = {isa = PBXBuildFile; fileRef = A5915AEA2FF0B1A100F81B0E /* PROJECT_SUMMARY.md */; };
		A5915B082FF0B1A100F81B0E /* APP_STORE_MATERIALS.md in Resources */ = {isa = PBXBuildFile; fileRef = A5915AE62FF0B1A100F81B0E /* APP_STORE_MATERIALS.md */; };
		A5915B0A2FF0B1A100F81B0E /* AppConfig.json in Resources */ = {isa = PBXBuildFile; fileRef = A5915AE72FF0B1A100F81B0E /* AppConfig.json */; };
		A5915B0B2FF0B1A100F81B0E /* INDEX.md in Resources */ = {isa = PBXBuildFile; fileRef = A5915AE92FF0B1A100F81B0E /* INDEX.md */; };
		A5915B0C2FF0B1A100F81B0E /* SETUP_GUIDE #LOOK TO FIRST!!!!!!!#.md in Resources */ = {isa = PBXBuildFile; fileRef = A5915AEE2FF0B1A100F81B0E /* SETUP_GUIDE #LOOK TO FIRST!!!!!!!#.md */; };
		A5915B342FF0B1A100F81B0E /* SUBMISSION_CHECKLIST.md in Resources */ = {isa = PBXBuildFile; fileRef = A5915AEF2FF0B1A100F81B0E /* SUBMISSION_CHECKLIST.md */; };
		A5915B392FF0B1A100F81B0E /* DrugListViewModel.swift in Sources */ = {isa = PBXBuildFile; fileRef = A5915ADD2FF0B1A100F81B0E /* DrugListViewModel.swift */; };
		A5915B3A2FF0B1A100F81B0E /* ContentView.swift in Sources */ = {isa = PBXBuildFile; fileRef = A5915ADF2FF0B1A100F81B0E /* ContentView.swift */; };
		A5915B3B2FF0B1A100F81B0E /* FilterButtonsView.swift in Sources */ = {isa = PBXBuildFile; fileRef = A5915AE22FF0B1A100F81B0E /* FilterButtonsView.swift */; };
		A5915B3C2FF0B1A100F81B0E /* Drug.swift in Sources */ = {isa = PBXBuildFile; fileRef = A5915AD82FF0B1A100F81B0E /* Drug.swift */; };
		A5915B3D2FF0B1A100F81B0E /* DrugRowView.swift in Sources */ = {isa = PBXBuildFile; fileRef = A5915AE12FF0B1A100F81B0E /* DrugRowView.swift */; };
		A5915B3E2FF0B1A100F81B0E /* SearchBarView.swift in Sources */ = {isa = PBXBuildFile; fileRef = A5915AE32FF0B1A100F81B0E /* SearchBarView.swift */; };
		A5915B3F2FF0B1A100F81B0E /* DateFormatters.swift in Sources */ = {isa = PBXBuildFile; fileRef = A5915ADA2FF0B1A100F81B0E /* DateFormatters.swift */; };
		A5915B402FF0B1A100F81B0E /* DrugDetailViewModel.swift in Sources */ = {isa = PBXBuildFile; fileRef = A5915ADC2FF0B1A100F81B0E /* DrugDetailViewModel.swift */; };
		A5915B412FF0B1A100F81B0E /* DrugSeedData.swift in Sources */ = {isa = PBXBuildFile; fileRef = A5915A6D2FF0B1A100F81B0E /* DrugSeedData.swift */; };
		A5915B422FF0B1A100F81B0E /* DatabaseManager.swift in Sources */ = {isa = PBXBuildFile; fileRef = A5915A6C2FF0B1A100F81B0E /* DatabaseManager.swift */; };
		A5915B432FF0B1A100F81B0E /* PsoriasisDrugDatabaseApp.swift in Sources */ = {isa = PBXBuildFile; fileRef = A5915AEB2FF0B1A100F81B0E /* PsoriasisDrugDatabaseApp.swift */; };
		A5915B442FF0B1A100F81B0E /* DrugDetailView.swift in Sources */ = {isa = PBXBuildFile; fileRef = A5915AE02FF0B1A100F81B0E /* DrugDetailView.swift */; };
		A5915B7A2FF0B24100F81B0E /* libsqlite3.tbd in Frameworks */ = {isa = PBXBuildFile; fileRef = A5915B792FF0B24100F81B0E /* libsqlite3.tbd */; };
/* End PBXBuildFile section */

/* Begin PBXContainerItemProxy section */
		A5915A4F2FF0B15400F81B0E /* PBXContainerItemProxy */ = {
			isa = PBXContainerItemProxy;
			containerPortal = A5915A352FF0B14100F81B0E /* Project object */;
			proxyType = 1;
			remoteGlobalIDString = A5915A3C2FF0B14100F81B0E;
			remoteInfo = PsoriAtlas;
		};
		A5915A592FF0B15400F81B0E /* PBXContainerItemProxy */ = {
			isa = PBXContainerItemProxy;
			containerPortal = A5915A352FF0B14100F81B0E /* Project object */;
			proxyType = 1;
			remoteGlobalIDString = A5915A3C2FF0B14100F81B0E;
			remoteInfo = PsoriAtlas;
		};
/* End PBXContainerItemProxy section */

/* Begin PBXFileReference section */
		A5915A3D2FF0B14100F81B0E /* PsoriAtlas.app */ = {isa = PBXFileReference; explicitFileType = wrapper.application; includeInIndex = 0; path = PsoriAtlas.app; sourceTree = BUILT_PRODUCTS_DIR; };
		A5915A4E2FF0B15400F81B0E /* PsoriAtlasTests.xctest */ = {isa = PBXFileReference; explicitFileType = wrapper.cfbundle; includeInIndex = 0; path = PsoriAtlasTests.xctest; sourceTree = BUILT_PRODUCTS_DIR; };
		A5915A582FF0B15400F81B0E /* PsoriAtlasUITests.xctest */ = {isa = PBXFileReference; explicitFileType = wrapper.cfbundle; includeInIndex = 0; path = PsoriAtlasUITests.xctest; sourceTree = BUILT_PRODUCTS_DIR; };
		A5915A6C2FF0B1A100F81B0E /* DatabaseManager.swift */ = {isa = PBXFileReference; lastKnownFileType = sourcecode.swift; path = DatabaseManager.swift; sourceTree = "<group>"; };
		A5915A6D2FF0B1A100F81B0E /* DrugSeedData.swift */ = {isa = PBXFileReference; lastKnownFileType = sourcecode.swift; path = DrugSeedData.swift; sourceTree = "<group>"; };
		A5915AD82FF0B1A100F81B0E /* Drug.swift */ = {isa = PBXFileReference; lastKnownFileType = sourcecode.swift; path = Drug.swift; sourceTree = "<group>"; };
		A5915ADA2FF0B1A100F81B0E /* DateFormatters.swift */ = {isa = PBXFileReference; lastKnownFileType = sourcecode.swift; path = DateFormatters.swift; sourceTree = "<group>"; };
		A5915ADC2FF0B1A100F81B0E /* DrugDetailViewModel.swift */ = {isa = PBXFileReference; lastKnownFileType = sourcecode.swift; path = DrugDetailViewModel.swift; sourceTree = "<group>"; };
		A5915ADD2FF0B1A100F81B0E /* DrugListViewModel.swift */ = {isa = PBXFileReference; lastKnownFileType = sourcecode.swift; path = DrugListViewModel.swift; sourceTree = "<group>"; };
		A5915ADF2FF0B1A100F81B0E /* ContentView.swift */ = {isa = PBXFileReference; lastKnownFileType = sourcecode.swift; path = ContentView.swift; sourceTree = "<group>"; };
		A5915AE02FF0B1A100F81B0E /* DrugDetailView.swift */ = {isa = PBXFileReference; lastKnownFileType = sourcecode.swift; path = DrugDetailView.swift; sourceTree = "<group>"; };
		A5915AE12FF0B1A100F81B0E /* DrugRowView.swift */ = {isa = PBXFileReference; lastKnownFileType = sourcecode.swift; path = DrugRowView.swift; sourceTree = "<group>"; };
		A5915AE22FF0B1A100F81B0E /* FilterButtonsView.swift */ = {isa = PBXFileReference; lastKnownFileType = sourcecode.swift; path = FilterButtonsView.swift; sourceTree = "<group>"; };
		A5915AE32FF0B1A100F81B0E /* SearchBarView.swift */ = {isa = PBXFileReference; lastKnownFileType = sourcecode.swift; path = SearchBarView.swift; sourceTree = "<group>"; };
		A5915AE62FF0B1A100F81B0E /* APP_STORE_MATERIALS.md */ = {isa = PBXFileReference; lastKnownFileType = net.daringfireball.markdown; path = APP_STORE_MATERIALS.md; sourceTree = "<group>"; };
		A5915AE72FF0B1A100F81B0E /* AppConfig.json */ = {isa = PBXFileReference; lastKnownFileType = text.json; path = AppConfig.json; sourceTree = "<group>"; };
		A5915AE82FF0B1A100F81B0E /* ARCHITECTURE.md */ = {isa = PBXFileReference; lastKnownFileType = net.daringfireball.markdown; path = ARCHITECTURE.md; sourceTree = "<group>"; };
		A5915AE92FF0B1A100F81B0E /* INDEX.md */ = {isa = PBXFileReference; lastKnownFileType = net.daringfireball.markdown; path = INDEX.md; sourceTree = "<group>"; };
		A5915AEA2FF0B1A100F81B0E /* PROJECT_SUMMARY.md */ = {isa = PBXFileReference; lastKnownFileType = net.daringfireball.markdown; path = PROJECT_SUMMARY.md; sourceTree = "<group>"; };
		A5915AEB2FF0B1A100F81B0E /* PsoriasisDrugDatabaseApp.swift */ = {isa = PBXFileReference; lastKnownFileType = sourcecode.swift; path = PsoriasisDrugDatabaseApp.swift; sourceTree = "<group>"; };
		A5915AEC2FF0B1A100F81B0E /* QUICK_START.md */ = {isa = PBXFileReference; lastKnownFileType = net.daringfireball.markdown; path = QUICK_START.md; sourceTree = "<group>"; };
		A5915AED2FF0B1A100F81B0E /* README.md */ = {isa = PBXFileReference; lastKnownFileType = net.daringfireball.markdown; path = README.md; sourceTree = "<group>"; };
		A5915AEE2FF0B1A100F81B0E /* SETUP_GUIDE #LOOK TO FIRST!!!!!!!#.md */ = {isa = PBXFileReference; lastKnownFileType = net.daringfireball.markdown; path = "SETUP_GUIDE #LOOK TO FIRST!!!!!!!#.md"; sourceTree = "<group>"; };
		A5915AEF2FF0B1A100F81B0E /* SUBMISSION_CHECKLIST.md */ = {isa = PBXFileReference; lastKnownFileType = net.daringfireball.markdown; path = SUBMISSION_CHECKLIST.md; sourceTree = "<group>"; };
		A5915B792FF0B24100F81B0E /* libsqlite3.tbd */ = {isa = PBXFileReference; lastKnownFileType = "sourcecode.text-based-dylib-definition"; name = libsqlite3.tbd; path = usr/lib/libsqlite3.tbd; sourceTree = SDKROOT; };
/* End PBXFileReference section */

/* Begin PBXFileSystemSynchronizedRootGroup section */
		A5915A512FF0B15400F81B0E /* PsoriAtlasTests */ = {
			isa = PBXFileSystemSynchronizedRootGroup;
			path = PsoriAtlasTests;
			sourceTree = "<group>";
		};
		A5915A5B2FF0B15400F81B0E /* PsoriAtlasUITests */ = {
			isa = PBXFileSystemSynchronizedRootGroup;
			path = PsoriAtlasUITests;
			sourceTree = "<group>";
		};
/* End PBXFileSystemSynchronizedRootGroup section */

/* Begin PBXFrameworksBuildPhase section */
		A5915A3A2FF0B14100F81B0E /* Frameworks */ = {
			isa = PBXFrameworksBuildPhase;
			buildActionMask = 2147483647;
			files = (
				A5915B7A2FF0B24100F81B0E /* libsqlite3.tbd in Frameworks */,
			);
			runOnlyForDeploymentPostprocessing = 0;
		};
		A5915A4B2FF0B15400F81B0E /* Frameworks */ = {
			isa = PBXFrameworksBuildPhase;
			buildActionMask = 2147483647;
			files = (
			);
			runOnlyForDeploymentPostprocessing = 0;
		};
		A5915A552FF0B15400F81B0E /* Frameworks */ = {
			isa = PBXFrameworksBuildPhase;
			buildActionMask = 2147483647;
			files = (
			);
			runOnlyForDeploymentPostprocessing = 0;
		};
/* End PBXFrameworksBuildPhase section */

/* Begin PBXGroup section */
		A5915A342FF0B14100F81B0E = {
			isa = PBXGroup;
			children = (
				A5915AF02FF0B1A100F81B0E /* PsoriasisDrugDatabase */,
				A5915A512FF0B15400F81B0E /* PsoriAtlasTests */,
				A5915A5B2FF0B15400F81B0E /* PsoriAtlasUITests */,
				A5915B782FF0B24100F81B0E /* Frameworks */,
				A5915A3E2FF0B14100F81B0E /* Products */,
			);
			sourceTree = "<group>";
		};
		A5915A3E2FF0B14100F81B0E /* Products */ = {
			isa = PBXGroup;
			children = (
				A5915A3D2FF0B14100F81B0E /* PsoriAtlas.app */,
				A5915A4E2FF0B15400F81B0E /* PsoriAtlasTests.xctest */,
				A5915A582FF0B15400F81B0E /* PsoriAtlasUITests.xctest */,
			);
			name = Products;
			sourceTree = "<group>";
		};
		A5915A6E2FF0B1A100F81B0E /* Database */ = {
			isa = PBXGroup;
			children = (
				A5915A6C2FF0B1A100F81B0E /* DatabaseManager.swift */,
				A5915A6D2FF0B1A100F81B0E /* DrugSeedData.swift */,
			);
			path = Database;
			sourceTree = "<group>";
		};
		A5915AD92FF0B1A100F81B0E /* Models */ = {
			isa = PBXGroup;
			children = (
				A5915AD82FF0B1A100F81B0E /* Drug.swift */,
			);
			path = Models;
			sourceTree = "<group>";
		};
		A5915ADB2FF0B1A100F81B0E /* Utilities */ = {
			isa = PBXGroup;
			children = (
				A5915ADA2FF0B1A100F81B0E /* DateFormatters.swift */,
			);
			path = Utilities;
			sourceTree = "<group>";
		};
		A5915ADE2FF0B1A100F81B0E /* ViewModels */ = {
			isa = PBXGroup;
			children = (
				A5915ADC2FF0B1A100F81B0E /* DrugDetailViewModel.swift */,
				A5915ADD2FF0B1A100F81B0E /* DrugListViewModel.swift */,
			);
			path = ViewModels;
			sourceTree = "<group>";
		};
		A5915AE42FF0B1A100F81B0E /* Views */ = {
			isa = PBXGroup;
			children = (
				A5915ADF2FF0B1A100F81B0E /* ContentView.swift */,
				A5915AE02FF0B1A100F81B0E /* DrugDetailView.swift */,
				A5915AE12FF0B1A100F81B0E /* DrugRowView.swift */,
				A5915AE22FF0B1A100F81B0E /* FilterButtonsView.swift */,
				A5915AE32FF0B1A100F81B0E /* SearchBarView.swift */,
			);
			path = Views;
			sourceTree = "<group>";
		};
		A5915AF02FF0B1A100F81B0E /* PsoriasisDrugDatabase */ = {
			isa = PBXGroup;
			children = (
				A5915A6E2FF0B1A100F81B0E /* Database */,
				A5915AD92FF0B1A100F81B0E /* Models */,
				A5915ADB2FF0B1A100F81B0E /* Utilities */,
				A5915ADE2FF0B1A100F81B0E /* ViewModels */,
				A5915AE42FF0B1A100F81B0E /* Views */,
				A5915AE62FF0B1A100F81B0E /* APP_STORE_MATERIALS.md */,
				A5915AE72FF0B1A100F81B0E /* AppConfig.json */,
				A5915AE82FF0B1A100F81B0E /* ARCHITECTURE.md */,
				A5915AE92FF0B1A100F81B0E /* INDEX.md */,
				A5915AEA2FF0B1A100F81B0E /* PROJECT_SUMMARY.md */,
				A5915AEB2FF0B1A100F81B0E /* PsoriasisDrugDatabaseApp.swift */,
				A5915AEC2FF0B1A100F81B0E /* QUICK_START.md */,
				A5915AED2FF0B1A100F81B0E /* README.md */,
				A5915AEE2FF0B1A100F81B0E /* SETUP_GUIDE #LOOK TO FIRST!!!!!!!#.md */,
				A5915AEF2FF0B1A100F81B0E /* SUBMISSION_CHECKLIST.md */,
			);
			path = PsoriasisDrugDatabase;
			sourceTree = "<group>";
		};
		A5915B782FF0B24100F81B0E /* Frameworks */ = {
			isa = PBXGroup;
			children = (
				A5915B792FF0B24100F81B0E /* libsqlite3.tbd */,
			);
			name = Frameworks;
			sourceTree = "<group>";
		};
/* End PBXGroup section */

/* Begin PBXNativeTarget section */
		A5915A3C2FF0B14100F81B0E /* PsoriAtlas */ = {
			isa = PBXNativeTarget;
			buildConfigurationList = A5915A612FF0B15400F81B0E /* Build configuration list for PBXNativeTarget "PsoriAtlas" */;
			buildPhases = (
				A5915A392FF0B14100F81B0E /* Sources */,
				A5915A3A2FF0B14100F81B0E /* Frameworks */,
				A5915A3B2FF0B14100F81B0E /* Resources */,
			);
			buildRules = (
			);
			dependencies = (
			);
			name = PsoriAtlas;
			packageProductDependencies = (
			);
			productName = PsoriAtlas;
			productReference = A5915A3D2FF0B14100F81B0E /* PsoriAtlas.app */;
			productType = "com.apple.product-type.application";
		};
		A5915A4D2FF0B15400F81B0E /* PsoriAtlasTests */ = {
			isa = PBXNativeTarget;
			buildConfigurationList = A5915A662FF0B15400F81B0E /* Build configuration list for PBXNativeTarget "PsoriAtlasTests" */;
			buildPhases = (
				A5915A4A2FF0B15400F81B0E /* Sources */,
				A5915A4B2FF0B15400F81B0E /* Frameworks */,
				A5915A4C2FF0B15400F81B0E /* Resources */,
			);
			buildRules = (
			);
			dependencies = (
				A5915A502FF0B15400F81B0E /* PBXTargetDependency */,
			);
			fileSystemSynchronizedGroups = (
				A5915A512FF0B15400F81B0E /* PsoriAtlasTests */,
			);
			name = PsoriAtlasTests;
			packageProductDependencies = (
			);
			productName = PsoriAtlasTests;
			productReference = A5915A4E2FF0B15400F81B0E /* PsoriAtlasTests.xctest */;
			productType = "com.apple.product-type.bundle.unit-test";
		};
		A5915A572FF0B15400F81B0E /* PsoriAtlasUITests */ = {
			isa = PBXNativeTarget;
			buildConfigurationList = A5915A692FF0B15400F81B0E /* Build configuration list for PBXNativeTarget "PsoriAtlasUITests" */;
			buildPhases = (
				A5915A542FF0B15400F81B0E /* Sources */,
				A5915A552FF0B15400F81B0E /* Frameworks */,
				A5915A562FF0B15400F81B0E /* Resources */,
			);
			buildRules = (
			);
			dependencies = (
				A5915A5A2FF0B15400F81B0E /* PBXTargetDependency */,
			);
			fileSystemSynchronizedGroups = (
				A5915A5B2FF0B15400F81B0E /* PsoriAtlasUITests */,
			);
			name = PsoriAtlasUITests;
			packageProductDependencies = (
			);
			productName = PsoriAtlasUITests;
			productReference = A5915A582FF0B15400F81B0E /* PsoriAtlasUITests.xctest */;
			productType = "com.apple.product-type.bundle.ui-testing";
		};
/* End PBXNativeTarget section */

/* Begin PBXProject section */
		A5915A352FF0B14100F81B0E /* Project object */ = {
			isa = PBXProject;
			attributes = {
				BuildIndependentTargetsInParallel = 1;
				LastSwiftUpdateCheck = 2650;
				LastUpgradeCheck = 2650;
				TargetAttributes = {
					A5915A3C2FF0B14100F81B0E = {
						CreatedOnToolsVersion = 26.5;
					};
					A5915A4D2FF0B15400F81B0E = {
						CreatedOnToolsVersion = 26.5;
						TestTargetID = A5915A3C2FF0B14100F81B0E;
					};
					A5915A572FF0B15400F81B0E = {
						CreatedOnToolsVersion = 26.5;
						TestTargetID = A5915A3C2FF0B14100F81B0E;
					};
				};
			};
			buildConfigurationList = A5915A382FF0B14100F81B0E /* Build configuration list for PBXProject "PsoriAtlas" */;
			developmentRegion = en;
			hasScannedForEncodings = 0;
			knownRegions = (
				en,
				Base,
			);
			mainGroup = A5915A342FF0B14100F81B0E;
			minimizedProjectReferenceProxies = 1;
			preferredProjectObjectVersion = 77;
			productRefGroup = A5915A3E2FF0B14100F81B0E /* Products */;
			projectDirPath = "";
			projectRoot = "";
			targets = (
				A5915A3C2FF0B14100F81B0E /* PsoriAtlas */,
				A5915A4D2FF0B15400F81B0E /* PsoriAtlasTests */,
				A5915A572FF0B15400F81B0E /* PsoriAtlasUITests */,
			);
		};
/* End PBXProject section */

/* Begin PBXResourcesBuildPhase section */
		A5915A3B2FF0B14100F81B0E /* Resources */ = {
			isa = PBXResourcesBuildPhase;
			buildActionMask = 2147483647;
			files = (
				A5915AF12FF0B1A100F81B0E /* ARCHITECTURE.md in Resources */,
				A5915AF82FF0B1A100F81B0E /* QUICK_START.md in Resources */,
				A5915AF92FF0B1A100F81B0E /* README.md in Resources */,
				A5915AFA2FF0B1A100F81B0E /* PROJECT_SUMMARY.md in Resources */,
				A5915B082FF0B1A100F81B0E /* APP_STORE_MATERIALS.md in Resources */,
				A5915B0A2FF0B1A100F81B0E /* AppConfig.json in Resources */,
				A5915B0B2FF0B1A100F81B0E /* INDEX.md in Resources */,
				A5915B0C2FF0B1A100F81B0E /* SETUP_GUIDE #LOOK TO FIRST!!!!!!!#.md in Resources */,
				A5915B342FF0B1A100F81B0E /* SUBMISSION_CHECKLIST.md in Resources */,
			);
			runOnlyForDeploymentPostprocessing = 0;
		};
		A5915A4C2FF0B15400F81B0E /* Resources */ = {
			isa = PBXResourcesBuildPhase;
			buildActionMask = 2147483647;
			files = (
			);
			runOnlyForDeploymentPostprocessing = 0;
		};
		A5915A562FF0B15400F81B0E /* Resources */ = {
			isa = PBXResourcesBuildPhase;
			buildActionMask = 2147483647;
			files = (
			);
			runOnlyForDeploymentPostprocessing = 0;
		};
/* End PBXResourcesBuildPhase section */

/* Begin PBXSourcesBuildPhase section */
		A5915A392FF0B14100F81B0E /* Sources */ = {
			isa = PBXSourcesBuildPhase;
			buildActionMask = 2147483647;
			files = (
				A5915B392FF0B1A100F81B0E /* DrugListViewModel.swift in Sources */,
				A5915B3A2FF0B1A100F81B0E /* ContentView.swift in Sources */,
				A5915B3B2FF0B1A100F81B0E /* FilterButtonsView.swift in Sources */,
				A5915B3C2FF0B1A100F81B0E /* Drug.swift in Sources */,
				A5915B3D2FF0B1A100F81B0E /* DrugRowView.swift in Sources */,
				A5915B3E2FF0B1A100F81B0E /* SearchBarView.swift in Sources */,
				A5915B3F2FF0B1A100F81B0E /* DateFormatters.swift in Sources */,
				A5915B402FF0B1A100F81B0E /* DrugDetailViewModel.swift in Sources */,
				A5915B412FF0B1A100F81B0E /* DrugSeedData.swift in Sources */,
				A5915B422FF0B1A100F81B0E /* DatabaseManager.swift in Sources */,
				A5915B432FF0B1A100F81B0E /* PsoriasisDrugDatabaseApp.swift in Sources */,
				A5915B442FF0B1A100F81B0E /* DrugDetailView.swift in Sources */,
			);
			runOnlyForDeploymentPostprocessing = 0;
		};
		A5915A4A2FF0B15400F81B0E /* Sources */ = {
			isa = PBXSourcesBuildPhase;
			buildActionMask = 2147483647;
			files = (
			);
			runOnlyForDeploymentPostprocessing = 0;
		};
		A5915A542FF0B15400F81B0E /* Sources */ = {
			isa = PBXSourcesBuildPhase;
			buildActionMask = 2147483647;
			files = (
			);
			runOnlyForDeploymentPostprocessing = 0;
		};
/* End PBXSourcesBuildPhase section */

/* Begin PBXTargetDependency section */
		A5915A502FF0B15400F81B0E /* PBXTargetDependency */ = {
			isa = PBXTargetDependency;
			target = A5915A3C2FF0B14100F81B0E /* PsoriAtlas */;
			targetProxy = A5915A4F2FF0B15400F81B0E /* PBXContainerItemProxy */;
		};
		A5915A5A2FF0B15400F81B0E /* PBXTargetDependency */ = {
			isa = PBXTargetDependency;
			target = A5915A3C2FF0B14100F81B0E /* PsoriAtlas */;
			targetProxy = A5915A592FF0B15400F81B0E /* PBXContainerItemProxy */;
		};
/* End PBXTargetDependency section */

/* Begin XCBuildConfiguration section */
		A5915A622FF0B15400F81B0E /* Debug */ = {
			isa = XCBuildConfiguration;
			buildSettings = {
				ASSETCATALOG_COMPILER_APPICON_NAME = AppIcon;
				ASSETCATALOG_COMPILER_GLOBAL_ACCENT_COLOR_NAME = AccentColor;
				CODE_SIGN_ENTITLEMENTS = PsoriAtlas/PsoriAtlas.entitlements;
				CODE_SIGN_STYLE = Automatic;
				CURRENT_PROJECT_VERSION = 1;
				DEVELOPMENT_TEAM = Z83V92UF93;
				ENABLE_PREVIEWS = YES;
				GENERATE_INFOPLIST_FILE = YES;
				INFOPLIST_FILE = PsoriAtlas/Info.plist;
				INFOPLIST_KEY_UIApplicationSceneManifest_Generation = YES;
				INFOPLIST_KEY_UIApplicationSupportsIndirectInputEvents = YES;
				INFOPLIST_KEY_UILaunchScreen_Generation = YES;
				INFOPLIST_KEY_UISupportedInterfaceOrientations_iPad = "UIInterfaceOrientationPortrait UIInterfaceOrientationPortraitUpsideDown UIInterfaceOrientationLandscapeLeft UIInterfaceOrientationLandscapeRight";
				INFOPLIST_KEY_UISupportedInterfaceOrientations_iPhone = "UIInterfaceOrientationPortrait UIInterfaceOrientationLandscapeLeft UIInterfaceOrientationLandscapeRight";
				IPHONEOS_DEPLOYMENT_TARGET = 15.6;
				LD_RUNPATH_SEARCH_PATHS = (
					"$(inherited)",
					"@executable_path/Frameworks",
				);
				MARKETING_VERSION = 1.0;
				PRODUCT_BUNDLE_IDENTIFIER = com.psoriatlas.drugdatabase.PsoriAtlas;
				PRODUCT_NAME = "$(TARGET_NAME)";
				STRING_CATALOG_GENERATE_SYMBOLS = YES;
				SWIFT_APPROACHABLE_CONCURRENCY = YES;
				SWIFT_DEFAULT_ACTOR_ISOLATION = MainActor;
				SWIFT_EMIT_LOC_STRINGS = YES;
				SWIFT_UPCOMING_FEATURE_MEMBER_IMPORT_VISIBILITY = YES;
				SWIFT_VERSION = 5.0;
				TARGETED_DEVICE_FAMILY = "1,2";
			};
			name = Debug;
		};
		A5915A632FF0B15400F81B0E /* Release */ = {
			isa = XCBuildConfiguration;
			buildSettings = {
				ASSETCATALOG_COMPILER_APPICON_NAME = AppIcon;
				ASSETCATALOG_COMPILER_GLOBAL_ACCENT_COLOR_NAME = AccentColor;
				CODE_SIGN_ENTITLEMENTS = PsoriAtlas/PsoriAtlas.entitlements;
				CODE_SIGN_STYLE = Automatic;
				CURRENT_PROJECT_VERSION = 1;
				DEVELOPMENT_TEAM = Z83V92UF93;
				ENABLE_PREVIEWS = YES;
				GENERATE_INFOPLIST_FILE = YES;
				INFOPLIST_FILE = PsoriAtlas/Info.plist;
				INFOPLIST_KEY_UIApplicationSceneManifest_Generation = YES;
				INFOPLIST_KEY_UIApplicationSupportsIndirectInputEvents = YES;
				INFOPLIST_KEY_UILaunchScreen_Generation = YES;
				INFOPLIST_KEY_UISupportedInterfaceOrientations_iPad = "UIInterfaceOrientationPortrait UIInterfaceOrientationPortraitUpsideDown UIInterfaceOrientationLandscapeLeft UIInterfaceOrientationLandscapeRight";
				INFOPLIST_KEY_UISupportedInterfaceOrientations_iPhone = "UIInterfaceOrientationPortrait UIInterfaceOrientationLandscapeLeft UIInterfaceOrientationLandscapeRight";
				IPHONEOS_DEPLOYMENT_TARGET = 15.6;
				LD_RUNPATH_SEARCH_PATHS = (
					"$(inherited)",
					"@executable_path/Frameworks",
				);
				MARKETING_VERSION = 1.0;
				PRODUCT_BUNDLE_IDENTIFIER = com.psoriatlas.drugdatabase.PsoriAtlas;
				PRODUCT_NAME = "$(TARGET_NAME)";
				STRING_CATALOG_GENERATE_SYMBOLS = YES;
				SWIFT_APPROACHABLE_CONCURRENCY = YES;
				SWIFT_DEFAULT_ACTOR_ISOLATION = MainActor;
				SWIFT_EMIT_LOC_STRINGS = YES;
				SWIFT_UPCOMING_FEATURE_MEMBER_IMPORT_VISIBILITY = YES;
				SWIFT_VERSION = 5.0;
				TARGETED_DEVICE_FAMILY = "1,2";
			};
			name = Release;
		};
		A5915A642FF0B15400F81B0E /* Debug */ = {
			isa = XCBuildConfiguration;
			buildSettings = {
				ALWAYS_SEARCH_USER_PATHS = NO;
				ASSETCATALOG_COMPILER_GENERATE_SWIFT_ASSET_SYMBOL_EXTENSIONS = YES;
				CLANG_ANALYZER_NONNULL = YES;
				CLANG_ANALYZER_NUMBER_OBJECT_CONVERSION = YES_AGGRESSIVE;
				CLANG_CXX_LANGUAGE_STANDARD = "gnu++20";
				CLANG_ENABLE_MODULES = YES;
				CLANG_ENABLE_OBJC_ARC = YES;
				CLANG_ENABLE_OBJC_WEAK = YES;
				CLANG_WARN_BLOCK_CAPTURE_AUTORELEASING = YES;
				CLANG_WARN_BOOL_CONVERSION = YES;
				CLANG_WARN_COMMA = YES;
				CLANG_WARN_CONSTANT_CONVERSION = YES;
				CLANG_WARN_DEPRECATED_OBJC_IMPLEMENTATIONS = YES;
				CLANG_WARN_DIRECT_OBJC_ISA_USAGE = YES_ERROR;
				CLANG_WARN_DOCUMENTATION_COMMENTS = YES;
				CLANG_WARN_EMPTY_BODY = YES;
				CLANG_WARN_ENUM_CONVERSION = YES;
				CLANG_WARN_INFINITE_RECURSION = YES;
				CLANG_WARN_INT_CONVERSION = YES;
				CLANG_WARN_NON_LITERAL_NULL_CONVERSION = YES;
				CLANG_WARN_OBJC_IMPLICIT_RETAIN_SELF = YES;
				CLANG_WARN_OBJC_LITERAL_CONVERSION = YES;
				CLANG_WARN_OBJC_ROOT_CLASS = YES_ERROR;
				CLANG_WARN_QUOTED_INCLUDE_IN_FRAMEWORK_HEADER = YES;
				CLANG_WARN_RANGE_LOOP_ANALYSIS = YES;
				CLANG_WARN_STRICT_PROTOTYPES = YES;
				CLANG_WARN_SUSPICIOUS_MOVE = YES;
				CLANG_WARN_UNGUARDED_AVAILABILITY = YES_AGGRESSIVE;
				CLANG_WARN_UNREACHABLE_CODE = YES;
				CLANG_WARN__DUPLICATE_METHOD_MATCH = YES;
				COPY_PHASE_STRIP = NO;
				DEBUG_INFORMATION_FORMAT = dwarf;
				DEVELOPMENT_TEAM = Z83V92UF93;
				ENABLE_STRICT_OBJC_MSGSEND = YES;
				ENABLE_TESTABILITY = YES;
				ENABLE_USER_SCRIPT_SANDBOXING = YES;
				GCC_C_LANGUAGE_STANDARD = gnu17;
				GCC_DYNAMIC_NO_PIC = NO;
				GCC_NO_COMMON_BLOCKS = YES;
				GCC_OPTIMIZATION_LEVEL = 0;
				GCC_PREPROCESSOR_DEFINITIONS = (
					"DEBUG=1",
					"$(inherited)",
				);
				GCC_WARN_64_TO_32_BIT_CONVERSION = YES;
				GCC_WARN_ABOUT_RETURN_TYPE = YES_ERROR;
				GCC_WARN_UNDECLARED_SELECTOR = YES;
				GCC_WARN_UNINITIALIZED_AUTOS = YES_AGGRESSIVE;
				GCC_WARN_UNUSED_FUNCTION = YES;
				GCC_WARN_UNUSED_VARIABLE = YES;
				IPHONEOS_DEPLOYMENT_TARGET = 26.5;
				LOCALIZATION_PREFERS_STRING_CATALOGS = YES;
				MTL_ENABLE_DEBUG_INFO = INCLUDE_SOURCE;
				MTL_FAST_MATH = YES;
				ONLY_ACTIVE_ARCH = YES;
				SDKROOT = iphoneos;
				SWIFT_ACTIVE_COMPILATION_CONDITIONS = "DEBUG $(inherited)";
				SWIFT_OPTIMIZATION_LEVEL = "-Onone";
			};
			name = Debug;
		};
		A5915A652FF0B15400F81B0E /* Release */ = {
			isa = XCBuildConfiguration;
			buildSettings = {
				ALWAYS_SEARCH_USER_PATHS = NO;
				ASSETCATALOG_COMPILER_GENERATE_SWIFT_ASSET_SYMBOL_EXTENSIONS = YES;
				CLANG_ANALYZER_NONNULL = YES;
				CLANG_ANALYZER_NUMBER_OBJECT_CONVERSION = YES_AGGRESSIVE;
				CLANG_CXX_LANGUAGE_STANDARD = "gnu++20";
				CLANG_ENABLE_MODULES = YES;
				CLANG_ENABLE_OBJC_ARC = YES;
				CLANG_ENABLE_OBJC_WEAK = YES;
				CLANG_WARN_BLOCK_CAPTURE_AUTORELEASING = YES;
				CLANG_WARN_BOOL_CONVERSION = YES;
				CLANG_WARN_COMMA = YES;
				CLANG_WARN_CONSTANT_CONVERSION = YES;
				CLANG_WARN_DEPRECATED_OBJC_IMPLEMENTATIONS = YES;
				CLANG_WARN_DIRECT_OBJC_ISA_USAGE = YES_ERROR;
				CLANG_WARN_DOCUMENTATION_COMMENTS = YES;
				CLANG_WARN_EMPTY_BODY = YES;
				CLANG_WARN_ENUM_CONVERSION = YES;
				CLANG_WARN_INFINITE_RECURSION = YES;
				CLANG_WARN_INT_CONVERSION = YES;
				CLANG_WARN_NON_LITERAL_NULL_CONVERSION = YES;
				CLANG_WARN_OBJC_IMPLICIT_RETAIN_SELF = YES;
				CLANG_WARN_OBJC_LITERAL_CONVERSION = YES;
				CLANG_WARN_OBJC_ROOT_CLASS = YES_ERROR;
				CLANG_WARN_QUOTED_INCLUDE_IN_FRAMEWORK_HEADER = YES;
				CLANG_WARN_RANGE_LOOP_ANALYSIS = YES;
				CLANG_WARN_STRICT_PROTOTYPES = YES;
				CLANG_WARN_SUSPICIOUS_MOVE = YES;
				CLANG_WARN_UNGUARDED_AVAILABILITY = YES_AGGRESSIVE;
				CLANG_WARN_UNREACHABLE_CODE = YES;
				CLANG_WARN__DUPLICATE_METHOD_MATCH = YES;
				COPY_PHASE_STRIP = NO;
				DEBUG_INFORMATION_FORMAT = "dwarf-with-dsym";
				DEVELOPMENT_TEAM = Z83V92UF93;
				ENABLE_NS_ASSERTIONS = NO;
				ENABLE_STRICT_OBJC_MSGSEND = YES;
				ENABLE_USER_SCRIPT_SANDBOXING = YES;
				GCC_C_LANGUAGE_STANDARD = gnu17;
				GCC_NO_COMMON_BLOCKS = YES;
				GCC_WARN_64_TO_32_BIT_CONVERSION = YES;
				GCC_WARN_ABOUT_RETURN_TYPE = YES_ERROR;
				GCC_WARN_UNDECLARED_SELECTOR = YES;
				GCC_WARN_UNINITIALIZED_AUTOS = YES_AGGRESSIVE;
				GCC_WARN_UNUSED_FUNCTION = YES;
				GCC_WARN_UNUSED_VARIABLE = YES;
				IPHONEOS_DEPLOYMENT_TARGET = 26.5;
				LOCALIZATION_PREFERS_STRING_CATALOGS = YES;
				MTL_ENABLE_DEBUG_INFO = NO;
				MTL_FAST_MATH = YES;
				SDKROOT = iphoneos;
				SWIFT_COMPILATION_MODE = wholemodule;
				VALIDATE_PRODUCT = YES;
			};
			name = Release;
		};
		A5915A672FF0B15400F81B0E /* Debug */ = {
			isa = XCBuildConfiguration;
			buildSettings = {
				BUNDLE_LOADER = "$(TEST_HOST)";
				CODE_SIGN_STYLE = Automatic;
				CURRENT_PROJECT_VERSION = 1;
				DEVELOPMENT_TEAM = Z83V92UF93;
				GENERATE_INFOPLIST_FILE = YES;
				IPHONEOS_DEPLOYMENT_TARGET = 26.5;
				MARKETING_VERSION = 1.0;
				PRODUCT_BUNDLE_IDENTIFIER = com.psoriatlas.drugdatabase.PsoriAtlasTests;
				PRODUCT_NAME = "$(TARGET_NAME)";
				STRING_CATALOG_GENERATE_SYMBOLS = NO;
				SWIFT_APPROACHABLE_CONCURRENCY = YES;
				SWIFT_EMIT_LOC_STRINGS = NO;
				SWIFT_UPCOMING_FEATURE_MEMBER_IMPORT_VISIBILITY = YES;
				SWIFT_VERSION = 5.0;
				TARGETED_DEVICE_FAMILY = "1,2";
				TEST_HOST = "$(BUILT_PRODUCTS_DIR)/PsoriAtlas.app/$(BUNDLE_EXECUTABLE_FOLDER_PATH)/PsoriAtlas";
			};
			name = Debug;
		};
		A5915A682FF0B15400F81B0E /* Release */ = {
			isa = XCBuildConfiguration;
			buildSettings = {
				BUNDLE_LOADER = "$(TEST_HOST)";
				CODE_SIGN_STYLE = Automatic;
				CURRENT_PROJECT_VERSION = 1;
				DEVELOPMENT_TEAM = Z83V92UF93;
				GENERATE_INFOPLIST_FILE = YES;
				IPHONEOS_DEPLOYMENT_TARGET = 26.5;
				MARKETING_VERSION = 1.0;
				PRODUCT_BUNDLE_IDENTIFIER = com.psoriatlas.drugdatabase.PsoriAtlasTests;
				PRODUCT_NAME = "$(TARGET_NAME)";
				STRING_CATALOG_GENERATE_SYMBOLS = NO;
				SWIFT_APPROACHABLE_CONCURRENCY = YES;
				SWIFT_EMIT_LOC_STRINGS = NO;
				SWIFT_UPCOMING_FEATURE_MEMBER_IMPORT_VISIBILITY = YES;
				SWIFT_VERSION = 5.0;
				TARGETED_DEVICE_FAMILY = "1,2";
				TEST_HOST = "$(BUILT_PRODUCTS_DIR)/PsoriAtlas.app/$(BUNDLE_EXECUTABLE_FOLDER_PATH)/PsoriAtlas";
			};
			name = Release;
		};
		A5915A6A2FF0B15400F81B0E /* Debug */ = {
			isa = XCBuildConfiguration;
			buildSettings = {
				CODE_SIGN_STYLE = Automatic;
				CURRENT_PROJECT_VERSION = 1;
				DEVELOPMENT_TEAM = Z83V92UF93;
				GENERATE_INFOPLIST_FILE = YES;
				MARKETING_VERSION = 1.0;
				PRODUCT_BUNDLE_IDENTIFIER = com.psoriatlas.drugdatabase.PsoriAtlasUITests;
				PRODUCT_NAME = "$(TARGET_NAME)";
				STRING_CATALOG_GENERATE_SYMBOLS = NO;
				SWIFT_APPROACHABLE_CONCURRENCY = YES;
				SWIFT_EMIT_LOC_STRINGS = NO;
				SWIFT_UPCOMING_FEATURE_MEMBER_IMPORT_VISIBILITY = YES;
				SWIFT_VERSION = 5.0;
				TARGETED_DEVICE_FAMILY = "1,2";
				TEST_TARGET_NAME = PsoriAtlas;
			};
			name = Debug;
		};
		A5915A6B2FF0B15400F81B0E /* Release */ = {
			isa = XCBuildConfiguration;
			buildSettings = {
				CODE_SIGN_STYLE = Automatic;
				CURRENT_PROJECT_VERSION = 1;
				DEVELOPMENT_TEAM = Z83V92UF93;
				GENERATE_INFOPLIST_FILE = YES;
				MARKETING_VERSION = 1.0;
				PRODUCT_BUNDLE_IDENTIFIER = com.psoriatlas.drugdatabase.PsoriAtlasUITests;
				PRODUCT_NAME = "$(TARGET_NAME)";
				STRING_CATALOG_GENERATE_SYMBOLS = NO;
				SWIFT_APPROACHABLE_CONCURRENCY = YES;
				SWIFT_EMIT_LOC_STRINGS = NO;
				SWIFT_UPCOMING_FEATURE_MEMBER_IMPORT_VISIBILITY = YES;
				SWIFT_VERSION = 5.0;
				TARGETED_DEVICE_FAMILY = "1,2";
				TEST_TARGET_NAME = PsoriAtlas;
			};
			name = Release;
		};
/* End XCBuildConfiguration section */

/* Begin XCConfigurationList section */
		A5915A382FF0B14100F81B0E /* Build configuration list for PBXProject "PsoriAtlas" */ = {
			isa = XCConfigurationList;
			buildConfigurations = (
				A5915A642FF0B15400F81B0E /* Debug */,
				A5915A652FF0B15400F81B0E /* Release */,
			);
			defaultConfigurationIsVisible = 0;
			defaultConfigurationName = Release;
		};
		A5915A612FF0B15400F81B0E /* Build configuration list for PBXNativeTarget "PsoriAtlas" */ = {
			isa = XCConfigurationList;
			buildConfigurations = (
				A5915A622FF0B15400F81B0E /* Debug */,
				A5915A632FF0B15400F81B0E /* Release */,
			);
			defaultConfigurationIsVisible = 0;
			defaultConfigurationName = Release;
		};
		A5915A662FF0B15400F81B0E /* Build configuration list for PBXNativeTarget "PsoriAtlasTests" */ = {
			isa = XCConfigurationList;
			buildConfigurations = (
				A5915A672FF0B15400F81B0E /* Debug */,
				A5915A682FF0B15400F81B0E /* Release */,
			);
			defaultConfigurationIsVisible = 0;
			defaultConfigurationName = Release;
		};
		A5915A692FF0B15400F81B0E /* Build configuration list for PBXNativeTarget "PsoriAtlasUITests" */ = {
			isa = XCConfigurationList;
			buildConfigurations = (
				A5915A6A2FF0B15400F81B0E /* Debug */,
				A5915A6B2FF0B15400F81B0E /* Release */,
			);
			defaultConfigurationIsVisible = 0;
			defaultConfigurationName = Release;
		};
/* End XCConfigurationList section */
	};
	rootObject = A5915A352FF0B14100F81B0E /* Project object */;
}
